
Microsoft Visual Studio Solution File, Format Version 12.00
# Visual Studio Version 16
VisualStudioVersion = 16.0.28729.10
MinimumVisualStudioVersion = 10.0.40219.1
Project("{9A19103F-16F7-4668-BE54-9A1E7A4F7556}") = "Domain", ".\Domain\Domain.csproj", "{93D32C5D-19E9-4D18-8F1C-B30BE29A5E41}"
EndProject
Project("{9A19103F-16F7-4668-BE54-9A1E7A4F7556}") = "Domain.Test", ".\Domain.Test\Domain.Test.csproj", "{31EDED45-A645-4326-8FBD-A17F4F2AC29A}"
EndProject
Project("{9A19103F-16F7-4668-BE54-9A1E7A4F7556}") = "Api", ".\Api\Api.csproj", "{62B490EF-70D4-4CE5-8E26-3513D7563B77}"
EndProject
Global
	GlobalSection(SolutionConfigurationPlatforms) = preSolution
		Debug|Any CPU = Debug|Any CPU
		Release|Any CPU = Release|Any CPU
	EndGlobalSection
	GlobalSection(ProjectConfigurationPlatforms) = postSolution
		{93D32C5D-19E9-4D18-8F1C-B30BE29A5E41}.Debug|Any CPU.ActiveCfg = Debug|Any CPU
		{93D32C5D-19E9-4D18-8F1C-B30BE29A5E41}.Debug|Any CPU.Build.0 = Debug|Any CPU
		{93D32C5D-19E9-4D18-8F1C-B30BE29A5E41}.Release|Any CPU.ActiveCfg = Release|Any CPU
		{93D32C5D-19E9-4D18-8F1C-B30BE29A5E41}.Release|Any CPU.Build.0 = Release|Any CPU
		{31EDED45-A645-4326-8FBD-A17F4F2AC29A}.Debug|Any CPU.ActiveCfg = Debug|Any CPU
		{31EDED45-A645-4326-8FBD-A17F4F2AC29A}.Debug|Any CPU.Build.0 = Debug|Any CPU
		{31EDED45-A645-4326-8FBD-A17F4F2AC29A}.Release|Any CPU.ActiveCfg = Release|Any CPU
		{31EDED45-A645-4326-8FBD-A17F4F2AC29A}.Release|Any CPU.Build.0 = Release|Any CPU
		{62B490EF-70D4-4CE5-8E26-3513D7563B77}.Debug|Any CPU.ActiveCfg = Debug|Any CPU
		{62B490EF-70D4-4CE5-8E26-3513D7563B77}.Debug|Any CPU.Build.0 = Debug|Any CPU
		{62B490EF-70D4-4CE5-8E26-3513D7563B77}.Release|Any CPU.ActiveCfg = Release|Any CPU
		{62B490EF-70D4-4CE5-8E26-3513D7563B77}.Release|Any CPU.Build.0 = Release|Any CPU
	EndGlobalSection
	GlobalSection(SolutionProperties) = preSolution
		HideSolutionNode = FALSE
	EndGlobalSection
	GlobalSection(ExtensibilityGlobals) = postSolution
		SolutionGuid = {41C0A35F-7F67-4E56-A493-A287D7A0B760}
	EndGlobalSection
EndGlobal
